
Microsoft Visual Studio Solution File, Format Version 12.00
# Visual Studio Version 16
VisualStudioVersion = 16.0.31702.278
MinimumVisualStudioVersion = 10.0.40219.1
Project("{FAE04EC0-301F-11D3-BF4B-00C04F79EFBC}") = "Blockbuster Lab", "Blockbuster Lab\Blockbuster Lab.csproj", "{716FFEE3-FBB6-4157-A164-CD8A9E4C2064}"
EndProject
Global
	GlobalSection(SolutionConfigurationPlatforms) = preSolution
		Debug|Any CPU = Debug|Any CPU
		Release|Any CPU = Release|Any CPU
	EndGlobalSection
	GlobalSection(ProjectConfigurationPlatforms) = postSolution
		{716FFEE3-FBB6-4157-A164-CD8A9E4C2064}.Debug|Any CPU.ActiveCfg = Debug|Any CPU
		{716FFEE3-FBB6-4157-A164-CD8A9E4C2064}.Debug|Any CPU.Build.0 = Debug|Any CPU
		{716FFEE3-FBB6-4157-A164-CD8A9E4C2064}.Release|Any CPU.ActiveCfg = Release|Any CPU
		{716FFEE3-FBB6-4157-A164-CD8A9E4C2064}.Release|Any CPU.Build.0 = Release|Any CPU
	EndGlobalSection
	GlobalSection(SolutionProperties) = preSolution
		HideSolutionNode = FALSE
	EndGlobalSection
	GlobalSection(ExtensibilityGlobals) = postSolution
		SolutionGuid = {FA4EC60A-145B-437D-94BE-DD4CA321359E}
	EndGlobalSection
EndGlobal
